
Microsoft Visual Studio Solution File, Format Version 12.00
# Visual Studio Version 16
VisualStudioVersion = 16.0.29424.173
MinimumVisualStudioVersion = 10.0.40219.1
Project("{9A19103F-16F7-4668-BE54-9A1E7A4F7556}") = "Lab_01", "Lab_01\Lab_01.csproj", "{666481B1-30DA-48DC-9E9F-318BC2B4CF14}"
EndProject
Project("{9A19103F-16F7-4668-BE54-9A1E7A4F7556}") = "Lab_02_OOP_Mammals_With_Interfaces", "Lab_02_OOP_Mammals_With_Interfaces\Lab_02_OOP_Mammals_With_Interfaces.csproj", "{B07322D5-2450-4876-90E0-5D7A45D733B5}"
EndProject
Project("{9A19103F-16F7-4668-BE54-9A1E7A4F7556}") = "Lab_03_OOP_Every_Feature_Combined", "Lab_03_OOP_Every_Feature_Combined\Lab_03_OOP_Every_Feature_Combined.csproj", "{F76D198A-E9EE-4D25-936A-3C13C0D78646}"
EndProject
Project("{FAE04EC0-301F-11D3-BF4B-00C04F79EFBC}") = "Lab_04_Connect_To_RAW_SQL", "Lab_04_Connect_To_RAW_SQL\Lab_04_Connect_To_RAW_SQL.csproj", "{3E9A6429-905B-474E-9D06-99E818ACB879}"
EndProject
Project("{9A19103F-16F7-4668-BE54-9A1E7A4F7556}") = "Lab_05_CRUD_ App_RAW_SQL", "Lab_05_CRUD_ App_RAW_SQL\Lab_05_CRUD_ App_RAW_SQL.csproj", "{3ED96EDF-1444-47B4-8DBD-E29965C2C17E}"
EndProject
Project("{9A19103F-16F7-4668-BE54-9A1E7A4F7556}") = "Lab_06_Rabbits_Create_100", "Lab_06_Rabbits_Create_100\Lab_06_Rabbits_Create_100.csproj", "{6EA8C83C-9A84-48B3-A11C-D54CB950A30C}"
EndProject
Project("{9A19103F-16F7-4668-BE54-9A1E7A4F7556}") = "Lab_07_Northwind_Sqlite", "Lab_07_Northwind_Sqlite\Lab_07_Northwind_Sqlite.csproj", "{5C0A95A2-E938-43C2-A8CA-738477914761}"
EndProject
Project("{9A19103F-16F7-4668-BE54-9A1E7A4F7556}") = "Lab_08_TDD_Collections", "Lab_08_TDD_Collections\Lab_08_TDD_Collections.csproj", "{413A66B7-9335-46BA-8966-97145A47C565}"
EndProject
Project("{9A19103F-16F7-4668-BE54-9A1E7A4F7556}") = "NUNIT_Tests", "Lab_09_Nunit_Tests_For_Lab_08\NUNIT_Tests.csproj", "{10270E17-505D-47E3-8473-CCDB54101640}"
EndProject
Project("{9A19103F-16F7-4668-BE54-9A1E7A4F7556}") = "Lab_09_Rabbit_Test", "Lab_09_RabbitTest\Lab_09_Rabbit_Test.csproj", "{BA74D2E0-901F-4688-AAE7-20BAEA2E9010}"
EndProject
Project("{9A19103F-16F7-4668-BE54-9A1E7A4F7556}") = "Lab_10_Events", "Lab_10_Events\Lab_10_Events.csproj", "{7EDDF29A-03A8-4D38-A3D5-4E86562EF97C}"
EndProject
Project("{9A19103F-16F7-4668-BE54-9A1E7A4F7556}") = "Lab_11_Delegates", "Lab_11_Delegates\Lab_11_Delegates.csproj", "{F3708945-F22C-4F83-912D-A9052BA22F04}"
EndProject
Project("{9A19103F-16F7-4668-BE54-9A1E7A4F7556}") = "Lab_12_OOP_Events", "Lab_12_OOP_Events\Lab_12_OOP_Events.csproj", "{E7EA38D9-148E-4858-84BB-C23B407480B8}"
EndProject
Project("{FAE04EC0-301F-11D3-BF4B-00C04F79EFBC}") = "Lab_13_WPF_ToDo_Application", "Lab_13_WPF_ToDo_Application\Lab_13_WPF_ToDo_Application.csproj", "{F802B61F-F6EB-4709-82EB-5A317FC3782C}"
EndProject
Project("{9A19103F-16F7-4668-BE54-9A1E7A4F7556}") = "Lab_14_LINQ", "Lab_14_LINQ\Lab_14_LINQ.csproj", "{837A91F7-4A04-479D-917C-4559E8CF70AC}"
EndProject
Project("{9A19103F-16F7-4668-BE54-9A1E7A4F7556}") = "Lab_15_Tasks", "Lab_15_Tasks\Lab_15_Tasks.csproj", "{EB0F5601-E12F-4532-A282-80D32939D966}"
EndProject
Project("{9A19103F-16F7-4668-BE54-9A1E7A4F7556}") = "Lab_16_Tasks", "LAb_16_Tasks\Lab_16_Tasks.csproj", "{D449D222-81BF-41DC-AE44-407B249FAAF8}"
EndProject
Project("{FAE04EC0-301F-11D3-BF4B-00C04F79EFBC}") = "Lab_17_Nothwind_Tests", "Lab_17_Nothwind_Tests\Lab_17_Nothwind_Tests.csproj", "{2D88F2F0-80E0-46B3-A543-BC64F1C73AFC}"
EndProject
Project("{9A19103F-16F7-4668-BE54-9A1E7A4F7556}") = "Lab_18_Streaming", "Lab_18_Streaming\Lab_18_Streaming.csproj", "{82FC0A22-60B0-4782-9E94-4E6B86A570F5}"
EndProject
Project("{9A19103F-16F7-4668-BE54-9A1E7A4F7556}") = "Lab_19_Http", "Lab_19_Http\Lab_19_Http.csproj", "{1734E717-7D2A-4260-8EDB-273BB094B181}"
EndProject
Project("{9A19103F-16F7-4668-BE54-9A1E7A4F7556}") = "Lab_20_Northwind_Products", "Lab_20_Northwind_Products\Lab_20_Northwind_Products.csproj", "{6CB2A60A-9578-43E7-BD5A-6325B5A1DC56}"
EndProject
Project("{9A19103F-16F7-4668-BE54-9A1E7A4F7556}") = "Lab_21_Async_Await", "Lab_21_Async_Await\Lab_21_Async_Await.csproj", "{1E88FD71-7D19-43C3-9817-572C4517F075}"
EndProject
Project("{9A19103F-16F7-4668-BE54-9A1E7A4F7556}") = "Lab_22_Serialzation", "Lab_22_Serialzation\Lab_22_Serialzation.csproj", "{59718C3A-504A-4447-9802-EAD828CCFD9D}"
EndProject
Project("{9A19103F-16F7-4668-BE54-9A1E7A4F7556}") = "Lab_23_ Serialize_JSON", "Lab_23_ Serialize_JSON\Lab_23_ Serialize_JSON.csproj", "{5BC6A370-46E8-48C7-9C68-778E5A0F0E0F}"
EndProject
Project("{9A19103F-16F7-4668-BE54-9A1E7A4F7556}") = "Lab_24_Serialize_Binary", "Lab_24_Serialize_Binary\Lab_24_Serialize_Binary.csproj", "{98C0A63D-7A8E-455D-873C-86ED58AE3143}"
EndProject
Project("{FAE04EC0-301F-11D3-BF4B-00C04F79EFBC}") = "Demo_API_Northwind", "Demo_API_Northwind\Demo_API_Northwind.csproj", "{BF04F1F1-780B-4483-8F58-BA305ED04135}"
EndProject
Project("{E24C65DC-7377-472B-9ABA-BC803B73C61A}") = "HTML", "..\Week7\HTML\", "{82626C95-373F-46E4-99A2-FEEB2D6F721C}"
	ProjectSection(WebsiteProperties) = preProject
		TargetFrameworkMoniker = ".NETFramework,Version%3Dv4.0"
		Debug.AspNetCompiler.VirtualPath = "/localhost_57113"
		Debug.AspNetCompiler.PhysicalPath = "..\Week7\HTML\"
		Debug.AspNetCompiler.TargetPath = "PrecompiledWeb\localhost_57113\"
		Debug.AspNetCompiler.Updateable = "true"
		Debug.AspNetCompiler.ForceOverwrite = "true"
		Debug.AspNetCompiler.FixedNames = "false"
		Debug.AspNetCompiler.Debug = "True"
		Release.AspNetCompiler.VirtualPath = "/localhost_57113"
		Release.AspNetCompiler.PhysicalPath = "..\Week7\HTML\"
		Release.AspNetCompiler.TargetPath = "PrecompiledWeb\localhost_57113\"
		Release.AspNetCompiler.Updateable = "true"
		Release.AspNetCompiler.ForceOverwrite = "true"
		Release.AspNetCompiler.FixedNames = "false"
		Release.AspNetCompiler.Debug = "False"
		VWDPort = "57113"
		SlnRelativePath = "..\Week7\HTML\"
	EndProjectSection
EndProject
Project("{FAE04EC0-301F-11D3-BF4B-00C04F79EFBC}") = "Lab_25_ASP_First_Website", "Lab_25_ASP_First_Website\Lab_25_ASP_First_Website.csproj", "{966E9C6F-1336-45A2-B8C9-2C8B98B07FDC}"
EndProject
Project("{FAE04EC0-301F-11D3-BF4B-00C04F79EFBC}") = "Lab_26_MVC_Again_Again", "Lab_26_MVC_Again_Again\Lab_26_MVC_Again_Again.csproj", "{9581DE08-B707-4153-85BF-422D7F3B277F}"
EndProject
Project("{9A19103F-16F7-4668-BE54-9A1E7A4F7556}") = "Lab_27_MVC_Core", "Lab_27_MVC_Core\Lab_27_MVC_Core.csproj", "{5E6F1FD2-2E1B-40B4-ADAC-070309099970}"
EndProject
Project("{9A19103F-16F7-4668-BE54-9A1E7A4F7556}") = "Lab_28_Fibonacci", "Lab_28_Fibonacci\Lab_28_Fibonacci.csproj", "{D07CC9E4-0B97-4502-AD3F-199E0ADA4B24}"
EndProject
Project("{9A19103F-16F7-4668-BE54-9A1E7A4F7556}") = "Lab_29_Simpsons_Rule_Area_Under_Graph", "Lab_29_Simpsons_Rul_Area_Under_Graph\Lab_29_Simpsons_Rule_Area_Under_Graph.csproj", "{AE66AD80-F6E9-4476-BA5F-ED0F5560530C}"
EndProject
Project("{9A19103F-16F7-4668-BE54-9A1E7A4F7556}") = "Lab_30_Debugging", "Lab_30_Debugging\Lab_30_Debugging.csproj", "{CAE5836A-383D-4A4B-AF6D-6BD88FF095B4}"
EndProject
Project("{FAE04EC0-301F-11D3-BF4B-00C04F79EFBC}") = "Lab_31_Event_Logging", "Lab_31_Event_Logging\Lab_31_Event_Logging.csproj", "{6C042772-088B-4A75-9168-5E3181FAFE45}"
EndProject
Project("{9A19103F-16F7-4668-BE54-9A1E7A4F7556}") = "Lab_32_MVC_Core_Entity_Framework", "Lab_32_MVC_Core_Entity_Framework\Lab_32_MVC_Core_Entity_Framework.csproj", "{000715B2-17F9-4D24-93DE-325E7AAC12A9}"
EndProject
Project("{2150E333-8FDC-42A3-9474-1A3956D46DE8}") = "Solution Items", "Solution Items", "{F17B7B9E-F6D1-4C2A-909A-1F88329A632E}"
	ProjectSection(SolutionItems) = preProject
		.git\README.md = .git\README.md
	EndProjectSection
EndProject
Global
	GlobalSection(SolutionConfigurationPlatforms) = preSolution
		Debug|Any CPU = Debug|Any CPU
		Release|Any CPU = Release|Any CPU
	EndGlobalSection
	GlobalSection(ProjectConfigurationPlatforms) = postSolution
		{666481B1-30DA-48DC-9E9F-318BC2B4CF14}.Debug|Any CPU.ActiveCfg = Debug|Any CPU
		{666481B1-30DA-48DC-9E9F-318BC2B4CF14}.Debug|Any CPU.Build.0 = Debug|Any CPU
		{666481B1-30DA-48DC-9E9F-318BC2B4CF14}.Release|Any CPU.ActiveCfg = Release|Any CPU
		{666481B1-30DA-48DC-9E9F-318BC2B4CF14}.Release|Any CPU.Build.0 = Release|Any CPU
		{B07322D5-2450-4876-90E0-5D7A45D733B5}.Debug|Any CPU.ActiveCfg = Debug|Any CPU
		{B07322D5-2450-4876-90E0-5D7A45D733B5}.Debug|Any CPU.Build.0 = Debug|Any CPU
		{B07322D5-2450-4876-90E0-5D7A45D733B5}.Release|Any CPU.ActiveCfg = Release|Any CPU
		{B07322D5-2450-4876-90E0-5D7A45D733B5}.Release|Any CPU.Build.0 = Release|Any CPU
		{F76D198A-E9EE-4D25-936A-3C13C0D78646}.Debug|Any CPU.ActiveCfg = Debug|Any CPU
		{F76D198A-E9EE-4D25-936A-3C13C0D78646}.Debug|Any CPU.Build.0 = Debug|Any CPU
		{F76D198A-E9EE-4D25-936A-3C13C0D78646}.Release|Any CPU.ActiveCfg = Release|Any CPU
		{F76D198A-E9EE-4D25-936A-3C13C0D78646}.Release|Any CPU.Build.0 = Release|Any CPU
		{3E9A6429-905B-474E-9D06-99E818ACB879}.Debug|Any CPU.ActiveCfg = Debug|Any CPU
		{3E9A6429-905B-474E-9D06-99E818ACB879}.Debug|Any CPU.Build.0 = Debug|Any CPU
		{3E9A6429-905B-474E-9D06-99E818ACB879}.Release|Any CPU.ActiveCfg = Release|Any CPU
		{3E9A6429-905B-474E-9D06-99E818ACB879}.Release|Any CPU.Build.0 = Release|Any CPU
		{3ED96EDF-1444-47B4-8DBD-E29965C2C17E}.Debug|Any CPU.ActiveCfg = Debug|Any CPU
		{3ED96EDF-1444-47B4-8DBD-E29965C2C17E}.Debug|Any CPU.Build.0 = Debug|Any CPU
		{3ED96EDF-1444-47B4-8DBD-E29965C2C17E}.Release|Any CPU.ActiveCfg = Release|Any CPU
		{3ED96EDF-1444-47B4-8DBD-E29965C2C17E}.Release|Any CPU.Build.0 = Release|Any CPU
		{6EA8C83C-9A84-48B3-A11C-D54CB950A30C}.Debug|Any CPU.ActiveCfg = Debug|Any CPU
		{6EA8C83C-9A84-48B3-A11C-D54CB950A30C}.Debug|Any CPU.Build.0 = Debug|Any CPU
		{6EA8C83C-9A84-48B3-A11C-D54CB950A30C}.Release|Any CPU.ActiveCfg = Release|Any CPU
		{6EA8C83C-9A84-48B3-A11C-D54CB950A30C}.Release|Any CPU.Build.0 = Release|Any CPU
		{5C0A95A2-E938-43C2-A8CA-738477914761}.Debug|Any CPU.ActiveCfg = Debug|Any CPU
		{5C0A95A2-E938-43C2-A8CA-738477914761}.Debug|Any CPU.Build.0 = Debug|Any CPU
		{5C0A95A2-E938-43C2-A8CA-738477914761}.Release|Any CPU.ActiveCfg = Release|Any CPU
		{5C0A95A2-E938-43C2-A8CA-738477914761}.Release|Any CPU.Build.0 = Release|Any CPU
		{413A66B7-9335-46BA-8966-97145A47C565}.Debug|Any CPU.ActiveCfg = Debug|Any CPU
		{413A66B7-9335-46BA-8966-97145A47C565}.Debug|Any CPU.Build.0 = Debug|Any CPU
		{413A66B7-9335-46BA-8966-97145A47C565}.Release|Any CPU.ActiveCfg = Release|Any CPU
		{413A66B7-9335-46BA-8966-97145A47C565}.Release|Any CPU.Build.0 = Release|Any CPU
		{10270E17-505D-47E3-8473-CCDB54101640}.Debug|Any CPU.ActiveCfg = Debug|Any CPU
		{10270E17-505D-47E3-8473-CCDB54101640}.Debug|Any CPU.Build.0 = Debug|Any CPU
		{10270E17-505D-47E3-8473-CCDB54101640}.Release|Any CPU.ActiveCfg = Release|Any CPU
		{10270E17-505D-47E3-8473-CCDB54101640}.Release|Any CPU.Build.0 = Release|Any CPU
		{BA74D2E0-901F-4688-AAE7-20BAEA2E9010}.Debug|Any CPU.ActiveCfg = Debug|Any CPU
		{BA74D2E0-901F-4688-AAE7-20BAEA2E9010}.Debug|Any CPU.Build.0 = Debug|Any CPU
		{BA74D2E0-901F-4688-AAE7-20BAEA2E9010}.Release|Any CPU.ActiveCfg = Release|Any CPU
		{BA74D2E0-901F-4688-AAE7-20BAEA2E9010}.Release|Any CPU.Build.0 = Release|Any CPU
		{7EDDF29A-03A8-4D38-A3D5-4E86562EF97C}.Debug|Any CPU.ActiveCfg = Debug|Any CPU
		{7EDDF29A-03A8-4D38-A3D5-4E86562EF97C}.Debug|Any CPU.Build.0 = Debug|Any CPU
		{7EDDF29A-03A8-4D38-A3D5-4E86562EF97C}.Release|Any CPU.ActiveCfg = Release|Any CPU
		{7EDDF29A-03A8-4D38-A3D5-4E86562EF97C}.Release|Any CPU.Build.0 = Release|Any CPU
		{F3708945-F22C-4F83-912D-A9052BA22F04}.Debug|Any CPU.ActiveCfg = Debug|Any CPU
		{F3708945-F22C-4F83-912D-A9052BA22F04}.Debug|Any CPU.Build.0 = Debug|Any CPU
		{F3708945-F22C-4F83-912D-A9052BA22F04}.Release|Any CPU.ActiveCfg = Release|Any CPU
		{F3708945-F22C-4F83-912D-A9052BA22F04}.Release|Any CPU.Build.0 = Release|Any CPU
		{E7EA38D9-148E-4858-84BB-C23B407480B8}.Debug|Any CPU.ActiveCfg = Debug|Any CPU
		{E7EA38D9-148E-4858-84BB-C23B407480B8}.Debug|Any CPU.Build.0 = Debug|Any CPU
		{E7EA38D9-148E-4858-84BB-C23B407480B8}.Release|Any CPU.ActiveCfg = Release|Any CPU
		{E7EA38D9-148E-4858-84BB-C23B407480B8}.Release|Any CPU.Build.0 = Release|Any CPU
		{F802B61F-F6EB-4709-82EB-5A317FC3782C}.Debug|Any CPU.ActiveCfg = Debug|Any CPU
		{F802B61F-F6EB-4709-82EB-5A317FC3782C}.Debug|Any CPU.Build.0 = Debug|Any CPU
		{F802B61F-F6EB-4709-82EB-5A317FC3782C}.Release|Any CPU.ActiveCfg = Release|Any CPU
		{F802B61F-F6EB-4709-82EB-5A317FC3782C}.Release|Any CPU.Build.0 = Release|Any CPU
		{837A91F7-4A04-479D-917C-4559E8CF70AC}.Debug|Any CPU.ActiveCfg = Debug|Any CPU
		{837A91F7-4A04-479D-917C-4559E8CF70AC}.Debug|Any CPU.Build.0 = Debug|Any CPU
		{837A91F7-4A04-479D-917C-4559E8CF70AC}.Release|Any CPU.ActiveCfg = Release|Any CPU
		{837A91F7-4A04-479D-917C-4559E8CF70AC}.Release|Any CPU.Build.0 = Release|Any CPU
		{EB0F5601-E12F-4532-A282-80D32939D966}.Debug|Any CPU.ActiveCfg = Debug|Any CPU
		{EB0F5601-E12F-4532-A282-80D32939D966}.Debug|Any CPU.Build.0 = Debug|Any CPU
		{EB0F5601-E12F-4532-A282-80D32939D966}.Release|Any CPU.ActiveCfg = Release|Any CPU
		{EB0F5601-E12F-4532-A282-80D32939D966}.Release|Any CPU.Build.0 = Release|Any CPU
		{D449D222-81BF-41DC-AE44-407B249FAAF8}.Debug|Any CPU.ActiveCfg = Release|Any CPU
		{D449D222-81BF-41DC-AE44-407B249FAAF8}.Debug|Any CPU.Build.0 = Release|Any CPU
		{D449D222-81BF-41DC-AE44-407B249FAAF8}.Release|Any CPU.ActiveCfg = Release|Any CPU
		{D449D222-81BF-41DC-AE44-407B249FAAF8}.Release|Any CPU.Build.0 = Release|Any CPU
		{2D88F2F0-80E0-46B3-A543-BC64F1C73AFC}.Debug|Any CPU.ActiveCfg = Debug|Any CPU
		{2D88F2F0-80E0-46B3-A543-BC64F1C73AFC}.Debug|Any CPU.Build.0 = Debug|Any CPU
		{2D88F2F0-80E0-46B3-A543-BC64F1C73AFC}.Release|Any CPU.ActiveCfg = Release|Any CPU
		{2D88F2F0-80E0-46B3-A543-BC64F1C73AFC}.Release|Any CPU.Build.0 = Release|Any CPU
		{82FC0A22-60B0-4782-9E94-4E6B86A570F5}.Debug|Any CPU.ActiveCfg = Debug|Any CPU
		{82FC0A22-60B0-4782-9E94-4E6B86A570F5}.Debug|Any CPU.Build.0 = Debug|Any CPU
		{82FC0A22-60B0-4782-9E94-4E6B86A570F5}.Release|Any CPU.ActiveCfg = Release|Any CPU
		{82FC0A22-60B0-4782-9E94-4E6B86A570F5}.Release|Any CPU.Build.0 = Release|Any CPU
		{1734E717-7D2A-4260-8EDB-273BB094B181}.Debug|Any CPU.ActiveCfg = Debug|Any CPU
		{1734E717-7D2A-4260-8EDB-273BB094B181}.Debug|Any CPU.Build.0 = Debug|Any CPU
		{1734E717-7D2A-4260-8EDB-273BB094B181}.Release|Any CPU.ActiveCfg = Release|Any CPU
		{1734E717-7D2A-4260-8EDB-273BB094B181}.Release|Any CPU.Build.0 = Release|Any CPU
		{6CB2A60A-9578-43E7-BD5A-6325B5A1DC56}.Debug|Any CPU.ActiveCfg = Debug|Any CPU
		{6CB2A60A-9578-43E7-BD5A-6325B5A1DC56}.Debug|Any CPU.Build.0 = Debug|Any CPU
		{6CB2A60A-9578-43E7-BD5A-6325B5A1DC56}.Release|Any CPU.ActiveCfg = Release|Any CPU
		{6CB2A60A-9578-43E7-BD5A-6325B5A1DC56}.Release|Any CPU.Build.0 = Release|Any CPU
		{1E88FD71-7D19-43C3-9817-572C4517F075}.Debug|Any CPU.ActiveCfg = Debug|Any CPU
		{1E88FD71-7D19-43C3-9817-572C4517F075}.Debug|Any CPU.Build.0 = Debug|Any CPU
		{1E88FD71-7D19-43C3-9817-572C4517F075}.Release|Any CPU.ActiveCfg = Release|Any CPU
		{1E88FD71-7D19-43C3-9817-572C4517F075}.Release|Any CPU.Build.0 = Release|Any CPU
		{59718C3A-504A-4447-9802-EAD828CCFD9D}.Debug|Any CPU.ActiveCfg = Debug|Any CPU
		{59718C3A-504A-4447-9802-EAD828CCFD9D}.Debug|Any CPU.Build.0 = Debug|Any CPU
		{59718C3A-504A-4447-9802-EAD828CCFD9D}.Release|Any CPU.ActiveCfg = Release|Any CPU
		{59718C3A-504A-4447-9802-EAD828CCFD9D}.Release|Any CPU.Build.0 = Release|Any CPU
		{5BC6A370-46E8-48C7-9C68-778E5A0F0E0F}.Debug|Any CPU.ActiveCfg = Debug|Any CPU
		{5BC6A370-46E8-48C7-9C68-778E5A0F0E0F}.Debug|Any CPU.Build.0 = Debug|Any CPU
		{5BC6A370-46E8-48C7-9C68-778E5A0F0E0F}.Release|Any CPU.ActiveCfg = Release|Any CPU
		{5BC6A370-46E8-48C7-9C68-778E5A0F0E0F}.Release|Any CPU.Build.0 = Release|Any CPU
		{98C0A63D-7A8E-455D-873C-86ED58AE3143}.Debug|Any CPU.ActiveCfg = Debug|Any CPU
		{98C0A63D-7A8E-455D-873C-86ED58AE3143}.Debug|Any CPU.Build.0 = Debug|Any CPU
		{98C0A63D-7A8E-455D-873C-86ED58AE3143}.Release|Any CPU.ActiveCfg = Release|Any CPU
		{98C0A63D-7A8E-455D-873C-86ED58AE3143}.Release|Any CPU.Build.0 = Release|Any CPU
		{BF04F1F1-780B-4483-8F58-BA305ED04135}.Debug|Any CPU.ActiveCfg = Debug|Any CPU
		{BF04F1F1-780B-4483-8F58-BA305ED04135}.Debug|Any CPU.Build.0 = Debug|Any CPU
		{BF04F1F1-780B-4483-8F58-BA305ED04135}.Release|Any CPU.ActiveCfg = Release|Any CPU
		{BF04F1F1-780B-4483-8F58-BA305ED04135}.Release|Any CPU.Build.0 = Release|Any CPU
		{82626C95-373F-46E4-99A2-FEEB2D6F721C}.Debug|Any CPU.ActiveCfg = Debug|Any CPU
		{82626C95-373F-46E4-99A2-FEEB2D6F721C}.Debug|Any CPU.Build.0 = Debug|Any CPU
		{82626C95-373F-46E4-99A2-FEEB2D6F721C}.Release|Any CPU.ActiveCfg = Debug|Any CPU
		{82626C95-373F-46E4-99A2-FEEB2D6F721C}.Release|Any CPU.Build.0 = Debug|Any CPU
		{966E9C6F-1336-45A2-B8C9-2C8B98B07FDC}.Debug|Any CPU.ActiveCfg = Debug|Any CPU
		{966E9C6F-1336-45A2-B8C9-2C8B98B07FDC}.Debug|Any CPU.Build.0 = Debug|Any CPU
		{966E9C6F-1336-45A2-B8C9-2C8B98B07FDC}.Release|Any CPU.ActiveCfg = Release|Any CPU
		{966E9C6F-1336-45A2-B8C9-2C8B98B07FDC}.Release|Any CPU.Build.0 = Release|Any CPU
		{9581DE08-B707-4153-85BF-422D7F3B277F}.Debug|Any CPU.ActiveCfg = Debug|Any CPU
		{9581DE08-B707-4153-85BF-422D7F3B277F}.Debug|Any CPU.Build.0 = Debug|Any CPU
		{9581DE08-B707-4153-85BF-422D7F3B277F}.Release|Any CPU.ActiveCfg = Release|Any CPU
		{9581DE08-B707-4153-85BF-422D7F3B277F}.Release|Any CPU.Build.0 = Release|Any CPU
		{5E6F1FD2-2E1B-40B4-ADAC-070309099970}.Debug|Any CPU.ActiveCfg = Debug|Any CPU
		{5E6F1FD2-2E1B-40B4-ADAC-070309099970}.Debug|Any CPU.Build.0 = Debug|Any CPU
		{5E6F1FD2-2E1B-40B4-ADAC-070309099970}.Release|Any CPU.ActiveCfg = Release|Any CPU
		{5E6F1FD2-2E1B-40B4-ADAC-070309099970}.Release|Any CPU.Build.0 = Release|Any CPU
		{D07CC9E4-0B97-4502-AD3F-199E0ADA4B24}.Debug|Any CPU.ActiveCfg = Debug|Any CPU
		{D07CC9E4-0B97-4502-AD3F-199E0ADA4B24}.Debug|Any CPU.Build.0 = Debug|Any CPU
		{D07CC9E4-0B97-4502-AD3F-199E0ADA4B24}.Release|Any CPU.ActiveCfg = Release|Any CPU
		{D07CC9E4-0B97-4502-AD3F-199E0ADA4B24}.Release|Any CPU.Build.0 = Release|Any CPU
		{AE66AD80-F6E9-4476-BA5F-ED0F5560530C}.Debug|Any CPU.ActiveCfg = Debug|Any CPU
		{AE66AD80-F6E9-4476-BA5F-ED0F5560530C}.Debug|Any CPU.Build.0 = Debug|Any CPU
		{AE66AD80-F6E9-4476-BA5F-ED0F5560530C}.Release|Any CPU.ActiveCfg = Release|Any CPU
		{AE66AD80-F6E9-4476-BA5F-ED0F5560530C}.Release|Any CPU.Build.0 = Release|Any CPU
		{CAE5836A-383D-4A4B-AF6D-6BD88FF095B4}.Debug|Any CPU.ActiveCfg = Debug|Any CPU
		{CAE5836A-383D-4A4B-AF6D-6BD88FF095B4}.Debug|Any CPU.Build.0 = Debug|Any CPU
		{CAE5836A-383D-4A4B-AF6D-6BD88FF095B4}.Release|Any CPU.ActiveCfg = Release|Any CPU
		{CAE5836A-383D-4A4B-AF6D-6BD88FF095B4}.Release|Any CPU.Build.0 = Release|Any CPU
		{6C042772-088B-4A75-9168-5E3181FAFE45}.Debug|Any CPU.ActiveCfg = Debug|Any CPU
		{6C042772-088B-4A75-9168-5E3181FAFE45}.Debug|Any CPU.Build.0 = Debug|Any CPU
		{6C042772-088B-4A75-9168-5E3181FAFE45}.Release|Any CPU.ActiveCfg = Release|Any CPU
		{6C042772-088B-4A75-9168-5E3181FAFE45}.Release|Any CPU.Build.0 = Release|Any CPU
		{000715B2-17F9-4D24-93DE-325E7AAC12A9}.Debug|Any CPU.ActiveCfg = Debug|Any CPU
		{000715B2-17F9-4D24-93DE-325E7AAC12A9}.Debug|Any CPU.Build.0 = Debug|Any CPU
		{000715B2-17F9-4D24-93DE-325E7AAC12A9}.Release|Any CPU.ActiveCfg = Release|Any CPU
		{000715B2-17F9-4D24-93DE-325E7AAC12A9}.Release|Any CPU.Build.0 = Release|Any CPU
	EndGlobalSection
	GlobalSection(SolutionProperties) = preSolution
		HideSolutionNode = FALSE
	EndGlobalSection
	GlobalSection(ExtensibilityGlobals) = postSolution
		SolutionGuid = {9BB95964-3587-472C-A1F8-DCFDB2E1E5E6}
	EndGlobalSection
EndGlobal
